
Microsoft Visual Studio Solution File, Format Version 12.00
# Visual Studio Version 16
VisualStudioVersion = 16.0.30503.244
MinimumVisualStudioVersion = 10.0.40219.1
Project("{2150E333-8FDC-42A3-9474-1A3956D46DE8}") = "Zadania", "Zadania", "{95F4473D-849E-40A3-B0F1-1A0A75E2DF2B}"
EndProject
Project("{2150E333-8FDC-42A3-9474-1A3956D46DE8}") = "Testy", "Testy", "{94A2A3B2-E6A9-44B6-BF47-67487D0221C8}"
EndProject
Project("{9A19103F-16F7-4668-BE54-9A1E7A4F7556}") = "Zadanie1", "Zadani11\Zadanie1.csproj", "{BF32CD3C-F573-4317-A876-7ED33BCEF293}"
EndProject
Project("{9A19103F-16F7-4668-BE54-9A1E7A4F7556}") = "Zadanie1UnitTest", "Zadanie1UnitTest\Zadanie1UnitTest.csproj", "{23263A19-E0A2-4C6F-BE67-DCD9B3B6716F}"
EndProject
Project("{9A19103F-16F7-4668-BE54-9A1E7A4F7556}") = "Zadanie2", "Zadanie 2\Zadanie2.csproj", "{0D40EB4B-A073-478D-B828-5531097967B8}"
EndProject
Project("{FAE04EC0-301F-11D3-BF4B-00C04F79EFBC}") = "Zadanie2UnitTest", "Zadanie2UnitTest\Zadanie2UnitTest.csproj", "{96004A19-22A6-48E4-B0AC-D53EF5AC4A20}"
EndProject
Project("{FAE04EC0-301F-11D3-BF4B-00C04F79EFBC}") = "Zadanie3", "Zadanie3\Zadanie3.csproj", "{0E4ECF9E-B85E-4B01-B792-8946A2BA21A5}"
EndProject
Project("{FAE04EC0-301F-11D3-BF4B-00C04F79EFBC}") = "Zadanie3UnitTest", "Zadanie3UnitTest\Zadanie3UnitTest.csproj", "{F04DC02C-DD21-46E0-A1E2-8E1F2E2794DB}"
EndProject
Global
	GlobalSection(SolutionConfigurationPlatforms) = preSolution
		Debug|Any CPU = Debug|Any CPU
		Release|Any CPU = Release|Any CPU
	EndGlobalSection
	GlobalSection(ProjectConfigurationPlatforms) = postSolution
		{BF32CD3C-F573-4317-A876-7ED33BCEF293}.Debug|Any CPU.ActiveCfg = Debug|Any CPU
		{BF32CD3C-F573-4317-A876-7ED33BCEF293}.Debug|Any CPU.Build.0 = Debug|Any CPU
		{BF32CD3C-F573-4317-A876-7ED33BCEF293}.Release|Any CPU.ActiveCfg = Release|Any CPU
		{BF32CD3C-F573-4317-A876-7ED33BCEF293}.Release|Any CPU.Build.0 = Release|Any CPU
		{23263A19-E0A2-4C6F-BE67-DCD9B3B6716F}.Debug|Any CPU.ActiveCfg = Debug|Any CPU
		{23263A19-E0A2-4C6F-BE67-DCD9B3B6716F}.Debug|Any CPU.Build.0 = Debug|Any CPU
		{23263A19-E0A2-4C6F-BE67-DCD9B3B6716F}.Release|Any CPU.ActiveCfg = Release|Any CPU
		{23263A19-E0A2-4C6F-BE67-DCD9B3B6716F}.Release|Any CPU.Build.0 = Release|Any CPU
		{0D40EB4B-A073-478D-B828-5531097967B8}.Debug|Any CPU.ActiveCfg = Debug|Any CPU
		{0D40EB4B-A073-478D-B828-5531097967B8}.Debug|Any CPU.Build.0 = Debug|Any CPU
		{0D40EB4B-A073-478D-B828-5531097967B8}.Release|Any CPU.ActiveCfg = Release|Any CPU
		{0D40EB4B-A073-478D-B828-5531097967B8}.Release|Any CPU.Build.0 = Release|Any CPU
		{96004A19-22A6-48E4-B0AC-D53EF5AC4A20}.Debug|Any CPU.ActiveCfg = Debug|Any CPU
		{96004A19-22A6-48E4-B0AC-D53EF5AC4A20}.Debug|Any CPU.Build.0 = Debug|Any CPU
		{96004A19-22A6-48E4-B0AC-D53EF5AC4A20}.Release|Any CPU.ActiveCfg = Release|Any CPU
		{96004A19-22A6-48E4-B0AC-D53EF5AC4A20}.Release|Any CPU.Build.0 = Release|Any CPU
		{0E4ECF9E-B85E-4B01-B792-8946A2BA21A5}.Debug|Any CPU.ActiveCfg = Debug|Any CPU
		{0E4ECF9E-B85E-4B01-B792-8946A2BA21A5}.Debug|Any CPU.Build.0 = Debug|Any CPU
		{0E4ECF9E-B85E-4B01-B792-8946A2BA21A5}.Release|Any CPU.ActiveCfg = Release|Any CPU
		{0E4ECF9E-B85E-4B01-B792-8946A2BA21A5}.Release|Any CPU.Build.0 = Release|Any CPU
		{F04DC02C-DD21-46E0-A1E2-8E1F2E2794DB}.Debug|Any CPU.ActiveCfg = Debug|Any CPU
		{F04DC02C-DD21-46E0-A1E2-8E1F2E2794DB}.Debug|Any CPU.Build.0 = Debug|Any CPU
		{F04DC02C-DD21-46E0-A1E2-8E1F2E2794DB}.Release|Any CPU.ActiveCfg = Release|Any CPU
		{F04DC02C-DD21-46E0-A1E2-8E1F2E2794DB}.Release|Any CPU.Build.0 = Release|Any CPU
	EndGlobalSection
	GlobalSection(SolutionProperties) = preSolution
		HideSolutionNode = FALSE
	EndGlobalSection
	GlobalSection(NestedProjects) = preSolution
		{BF32CD3C-F573-4317-A876-7ED33BCEF293} = {95F4473D-849E-40A3-B0F1-1A0A75E2DF2B}
		{23263A19-E0A2-4C6F-BE67-DCD9B3B6716F} = {94A2A3B2-E6A9-44B6-BF47-67487D0221C8}
		{0D40EB4B-A073-478D-B828-5531097967B8} = {95F4473D-849E-40A3-B0F1-1A0A75E2DF2B}
		{96004A19-22A6-48E4-B0AC-D53EF5AC4A20} = {94A2A3B2-E6A9-44B6-BF47-67487D0221C8}
		{0E4ECF9E-B85E-4B01-B792-8946A2BA21A5} = {95F4473D-849E-40A3-B0F1-1A0A75E2DF2B}
		{F04DC02C-DD21-46E0-A1E2-8E1F2E2794DB} = {94A2A3B2-E6A9-44B6-BF47-67487D0221C8}
	EndGlobalSection
	GlobalSection(ExtensibilityGlobals) = postSolution
		SolutionGuid = {6395335E-2297-43C7-BAA2-474A14804F44}
	EndGlobalSection
EndGlobal
